{
  "version": 4,
  "terraform_version": "0.12.20",
  "serial": 15,
  "lineage": "d81628fe-2097-651c-5df2-776e45bc3594",
  "outputs": {},
  "resources": [
    {
      "module": "module.infrastructure.module.ec2",
      "mode": "managed",
      "type": "aws_instance",
      "name": "Instances",
      "provider": "provider.aws",
      "instances": [
        {
          "schema_version": 1,
          "attributes": {
            "ami": "ami-0be057a22c63962cb",
            "arn": "arn:aws:ec2:eu-west-2:768277247011:instance/i-0f05f212f4d7cf515",
            "associate_public_ip_address": true,
            "availability_zone": "eu-west-2c",
            "cpu_core_count": 2,
            "cpu_threads_per_core": 1,
            "credit_specification": [
              {
                "cpu_credits": "standard"
              }
            ],
            "disable_api_termination": false,
            "ebs_block_device": [],
            "ebs_optimized": false,
            "ephemeral_block_device": [],
            "get_password_data": false,
            "host_id": null,
            "iam_instance_profile": "",
            "id": "i-0f05f212f4d7cf515",
            "instance_initiated_shutdown_behavior": null,
            "instance_state": "running",
            "instance_type": "t2.large",
            "ipv6_address_count": 0,
            "ipv6_addresses": [],
            "key_name": "qa-portal-keypair",
            "monitoring": false,
            "network_interface": [],
            "network_interface_id": null,
            "password_data": "",
            "placement_group": "",
            "primary_network_interface_id": "eni-00f1b31b1d2e94801",
            "private_dns": "ip-172-31-13-190.eu-west-2.compute.internal",
            "private_ip": "172.31.13.190",
            "public_dns": "ec2-3-10-174-231.eu-west-2.compute.amazonaws.com",
            "public_ip": "3.10.174.231",
            "root_block_device": [
              {
                "delete_on_termination": true,
                "encrypted": false,
                "iops": 100,
                "kms_key_id": "",
                "volume_id": "vol-07504723fe95850a8",
                "volume_size": 16,
                "volume_type": "gp2"
              }
            ],
            "security_groups": [
              "default"
            ],
            "source_dest_check": true,
            "subnet_id": "subnet-084bd0c21d636485e",
            "tags": null,
            "tenancy": "default",
            "timeouts": null,
            "user_data": null,
            "user_data_base64": null,
            "volume_tags": {},
            "vpc_security_group_ids": [
              "sg-a005e8c0"
            ]
          },
          "private": "eyJlMmJmYjczMC1lY2FhLTExZTYtOGY4OC0zNDM2M2JjN2M0YzAiOnsiY3JlYXRlIjo2MDAwMDAwMDAwMDAsImRlbGV0ZSI6MTIwMDAwMDAwMDAwMCwidXBkYXRlIjo2MDAwMDAwMDAwMDB9LCJzY2hlbWFfdmVyc2lvbiI6IjEifQ=="
        }
      ]
    }
  ]
}
